
Microsoft Visual Studio Solution File, Format Version 12.00
# Visual Studio Version 17
VisualStudioVersion = 17.6.33815.320
MinimumVisualStudioVersion = 10.0.40219.1
Project("{9A19103F-16F7-4668-BE54-9A1E7A4F7556}") = "Sayranet.EFCoreSample", "Sayranet.EFCoreSample\Sayranet.EFCoreSample.csproj", "{A0E69BD1-C439-454A-96E0-53608963A5C9}"
EndProject
Project("{9A19103F-16F7-4668-BE54-9A1E7A4F7556}") = "Sayranet.EFCoreSample.ConsoleTester", "Sayranet.EFCoreSample.ConsoleTester\Sayranet.EFCoreSample.ConsoleTester.csproj", "{57A3475B-1D9F-44A3-8A65-CF433E51F36D}"
EndProject
Project("{9A19103F-16F7-4668-BE54-9A1E7A4F7556}") = "Sayranet.DbUpSample", "Sayranet.DbUpSample\Sayranet.DbUpSample.csproj", "{9A658BE1-C98C-42C4-93B9-4672C4B74F1F}"
EndProject
Project("{9A19103F-16F7-4668-BE54-9A1E7A4F7556}") = "Sayranet.DbUpSample.ConsoleTester", "Sayranet.DbUpSample.ConsoleTester\Sayranet.DbUpSample.ConsoleTester.csproj", "{FDB845DD-D20A-4C74-989D-52511E6595B4}"
EndProject
Project("{9A19103F-16F7-4668-BE54-9A1E7A4F7556}") = "Sayranet.DbUpBaseFirstTests", "Sayranet.DbUpBaseFirstTests\Sayranet.DbUpBaseFirstTests.csproj", "{E71658DC-2DEE-4186-8A69-2B8B6843D85D}"
EndProject
Global
	GlobalSection(SolutionConfigurationPlatforms) = preSolution
		Debug|Any CPU = Debug|Any CPU
		Release|Any CPU = Release|Any CPU
	EndGlobalSection
	GlobalSection(ProjectConfigurationPlatforms) = postSolution
		{A0E69BD1-C439-454A-96E0-53608963A5C9}.Debug|Any CPU.ActiveCfg = Debug|Any CPU
		{A0E69BD1-C439-454A-96E0-53608963A5C9}.Debug|Any CPU.Build.0 = Debug|Any CPU
		{A0E69BD1-C439-454A-96E0-53608963A5C9}.Release|Any CPU.ActiveCfg = Release|Any CPU
		{A0E69BD1-C439-454A-96E0-53608963A5C9}.Release|Any CPU.Build.0 = Release|Any CPU
		{57A3475B-1D9F-44A3-8A65-CF433E51F36D}.Debug|Any CPU.ActiveCfg = Debug|Any CPU
		{57A3475B-1D9F-44A3-8A65-CF433E51F36D}.Debug|Any CPU.Build.0 = Debug|Any CPU
		{57A3475B-1D9F-44A3-8A65-CF433E51F36D}.Release|Any CPU.ActiveCfg = Release|Any CPU
		{57A3475B-1D9F-44A3-8A65-CF433E51F36D}.Release|Any CPU.Build.0 = Release|Any CPU
		{9A658BE1-C98C-42C4-93B9-4672C4B74F1F}.Debug|Any CPU.ActiveCfg = Debug|Any CPU
		{9A658BE1-C98C-42C4-93B9-4672C4B74F1F}.Debug|Any CPU.Build.0 = Debug|Any CPU
		{9A658BE1-C98C-42C4-93B9-4672C4B74F1F}.Release|Any CPU.ActiveCfg = Release|Any CPU
		{9A658BE1-C98C-42C4-93B9-4672C4B74F1F}.Release|Any CPU.Build.0 = Release|Any CPU
		{FDB845DD-D20A-4C74-989D-52511E6595B4}.Debug|Any CPU.ActiveCfg = Debug|Any CPU
		{FDB845DD-D20A-4C74-989D-52511E6595B4}.Debug|Any CPU.Build.0 = Debug|Any CPU
		{FDB845DD-D20A-4C74-989D-52511E6595B4}.Release|Any CPU.ActiveCfg = Release|Any CPU
		{FDB845DD-D20A-4C74-989D-52511E6595B4}.Release|Any CPU.Build.0 = Release|Any CPU
		{E71658DC-2DEE-4186-8A69-2B8B6843D85D}.Debug|Any CPU.ActiveCfg = Debug|Any CPU
		{E71658DC-2DEE-4186-8A69-2B8B6843D85D}.Debug|Any CPU.Build.0 = Debug|Any CPU
		{E71658DC-2DEE-4186-8A69-2B8B6843D85D}.Release|Any CPU.ActiveCfg = Release|Any CPU
		{E71658DC-2DEE-4186-8A69-2B8B6843D85D}.Release|Any CPU.Build.0 = Release|Any CPU
	EndGlobalSection
	GlobalSection(SolutionProperties) = preSolution
		HideSolutionNode = FALSE
	EndGlobalSection
	GlobalSection(ExtensibilityGlobals) = postSolution
		SolutionGuid = {14A06D7D-197A-4370-94CE-6436D6ECBF69}
	EndGlobalSection
EndGlobal
